{
  "version": 4,
  "terraform_version": "1.13.4",
  "serial": 11,
  "lineage": "9e7671a7-c245-f593-99c5-50e33c4a2419",
  "outputs": {},
  "resources": [
    {
      "module": "module.sdn_tp",
      "mode": "managed",
      "type": "null_resource",
      "name": "sdn_apply_finalizer",
      "provider": "provider[\"registry.terraform.io/hashicorp/null\"]",
      "instances": [
        {
          "schema_version": 0,
          "attributes": {
            "id": "5420136355609895758",
            "triggers": {
              "proxmox_host": "172.16.20.2"
            }
          },
          "sensitive_attributes": [],
          "identity_schema_version": 0
        }
      ]
    },
    {
      "module": "module.sdn_tp",
      "mode": "managed",
      "type": "null_resource",
      "name": "sdn_reload",
      "provider": "provider[\"registry.terraform.io/hashicorp/null\"]",
      "instances": [
        {
          "status": "tainted",
          "schema_version": 0,
          "attributes": {
            "id": "6829458216746786205",
            "triggers": {
              "config_hash": "e8673d5877d9f3d1189b83ec246636c604a81b32",
              "proxmox_host": "172.16.20.2",
              "vnet_list": "dev infra prod"
            }
          },
          "sensitive_attributes": [],
          "identity_schema_version": 0,
          "dependencies": [
            "module.sdn_tp.null_resource.sdn_apply_finalizer",
            "module.sdn_tp.proxmox_virtual_environment_sdn_applier.apply",
            "module.sdn_tp.proxmox_virtual_environment_sdn_subnet.subnet",
            "module.sdn_tp.proxmox_virtual_environment_sdn_vnet.vnet",
            "module.sdn_tp.proxmox_virtual_environment_sdn_zone_vlan.zone"
          ]
        }
      ]
    },
    {
      "module": "module.sdn_tp",
      "mode": "managed",
      "type": "proxmox_virtual_environment_sdn_applier",
      "name": "apply",
      "provider": "provider[\"registry.terraform.io/bpg/proxmox\"]",
      "instances": [
        {
          "schema_version": 0,
          "attributes": {
            "id": "1772034339154",
            "on_create": true,
            "on_destroy": true
          },
          "sensitive_attributes": [],
          "identity_schema_version": 0,
          "dependencies": [
            "module.sdn_tp.null_resource.sdn_apply_finalizer",
            "module.sdn_tp.proxmox_virtual_environment_sdn_subnet.subnet",
            "module.sdn_tp.proxmox_virtual_environment_sdn_vnet.vnet",
            "module.sdn_tp.proxmox_virtual_environment_sdn_zone_vlan.zone"
          ]
        }
      ]
    },
    {
      "module": "module.sdn_tp",
      "mode": "managed",
      "type": "proxmox_virtual_environment_sdn_subnet",
      "name": "subnet",
      "provider": "provider[\"registry.terraform.io/bpg/proxmox\"]",
      "instances": [
        {
          "index_key": "dev-dev",
          "schema_version": 0,
          "attributes": {
            "cidr": "10.31.20.0/24",
            "dhcp_dns_server": null,
            "dhcp_range": null,
            "dns_zone_prefix": null,
            "gateway": "10.31.20.1",
            "id": "tp2526-10.31.20.0-24",
            "snat": null,
            "vnet": "dev"
          },
          "sensitive_attributes": [],
          "identity_schema_version": 0,
          "dependencies": [
            "module.sdn_tp.null_resource.sdn_apply_finalizer",
            "module.sdn_tp.proxmox_virtual_environment_sdn_vnet.vnet",
            "module.sdn_tp.proxmox_virtual_environment_sdn_zone_vlan.zone"
          ]
        },
        {
          "index_key": "infra-infra",
          "schema_version": 0,
          "attributes": {
            "cidr": "10.31.2.0/24",
            "dhcp_dns_server": null,
            "dhcp_range": null,
            "dns_zone_prefix": null,
            "gateway": "10.31.2.1",
            "id": "tp2526-10.31.2.0-24",
            "snat": null,
            "vnet": "infra"
          },
          "sensitive_attributes": [],
          "identity_schema_version": 0,
          "dependencies": [
            "module.sdn_tp.null_resource.sdn_apply_finalizer",
            "module.sdn_tp.proxmox_virtual_environment_sdn_vnet.vnet",
            "module.sdn_tp.proxmox_virtual_environment_sdn_zone_vlan.zone"
          ]
        },
        {
          "index_key": "prod-prod",
          "schema_version": 0,
          "attributes": {
            "cidr": "10.31.30.0/24",
            "dhcp_dns_server": null,
            "dhcp_range": null,
            "dns_zone_prefix": null,
            "gateway": "10.31.30.1",
            "id": "tp2526-10.31.30.0-24",
            "snat": null,
            "vnet": "prod"
          },
          "sensitive_attributes": [],
          "identity_schema_version": 0,
          "dependencies": [
            "module.sdn_tp.null_resource.sdn_apply_finalizer",
            "module.sdn_tp.proxmox_virtual_environment_sdn_vnet.vnet",
            "module.sdn_tp.proxmox_virtual_environment_sdn_zone_vlan.zone"
          ]
        }
      ]
    },
    {
      "module": "module.sdn_tp",
      "mode": "managed",
      "type": "proxmox_virtual_environment_sdn_vnet",
      "name": "vnet",
      "provider": "provider[\"registry.terraform.io/bpg/proxmox\"]",
      "instances": [
        {
          "index_key": "dev",
          "schema_version": 0,
          "attributes": {
            "alias": null,
            "id": "dev",
            "isolate_ports": null,
            "tag": 253,
            "vlan_aware": null,
            "zone": "tp2526"
          },
          "sensitive_attributes": [],
          "identity_schema_version": 0,
          "dependencies": [
            "module.sdn_tp.null_resource.sdn_apply_finalizer",
            "module.sdn_tp.proxmox_virtual_environment_sdn_zone_vlan.zone"
          ]
        },
        {
          "index_key": "infra",
          "schema_version": 0,
          "attributes": {
            "alias": null,
            "id": "infra",
            "isolate_ports": null,
            "tag": 252,
            "vlan_aware": null,
            "zone": "tp2526"
          },
          "sensitive_attributes": [],
          "identity_schema_version": 0,
          "dependencies": [
            "module.sdn_tp.null_resource.sdn_apply_finalizer",
            "module.sdn_tp.proxmox_virtual_environment_sdn_zone_vlan.zone"
          ]
        },
        {
          "index_key": "prod",
          "schema_version": 0,
          "attributes": {
            "alias": null,
            "id": "prod",
            "isolate_ports": null,
            "tag": 254,
            "vlan_aware": null,
            "zone": "tp2526"
          },
          "sensitive_attributes": [],
          "identity_schema_version": 0,
          "dependencies": [
            "module.sdn_tp.null_resource.sdn_apply_finalizer",
            "module.sdn_tp.proxmox_virtual_environment_sdn_zone_vlan.zone"
          ]
        }
      ]
    },
    {
      "module": "module.sdn_tp",
      "mode": "managed",
      "type": "proxmox_virtual_environment_sdn_zone_vlan",
      "name": "zone",
      "provider": "provider[\"registry.terraform.io/bpg/proxmox\"]",
      "instances": [
        {
          "schema_version": 0,
          "attributes": {
            "bridge": "vmbr0",
            "dns": null,
            "dns_zone": null,
            "id": "tp2526",
            "ipam": null,
            "mtu": 1500,
            "nodes": [
              "BO-3IL-02"
            ],
            "pending": true,
            "reverse_dns": null,
            "state": "new"
          },
          "sensitive_attributes": [],
          "identity_schema_version": 0,
          "dependencies": [
            "module.sdn_tp.null_resource.sdn_apply_finalizer"
          ]
        }
      ]
    }
  ],
  "check_results": [
    {
      "object_kind": "var",
      "config_addr": "module.sdn_tp.var.dns_lease",
      "status": "pass",
      "objects": [
        {
          "object_addr": "module.sdn_tp.var.dns_lease",
          "status": "pass"
        }
      ]
    },
    {
      "object_kind": "var",
      "config_addr": "module.sdn_tp.var.dhcp_default_start_host",
      "status": "pass",
      "objects": [
        {
          "object_addr": "module.sdn_tp.var.dhcp_default_start_host",
          "status": "pass"
        }
      ]
    },
    {
      "object_kind": "var",
      "config_addr": "module.sdn_tp.var.enable_dhcp",
      "status": "pass",
      "objects": [
        {
          "object_addr": "module.sdn_tp.var.enable_dhcp",
          "status": "pass"
        }
      ]
    },
    {
      "object_kind": "var",
      "config_addr": "module.sdn_tp.var.dhcp_default_end_host",
      "status": "pass",
      "objects": [
        {
          "object_addr": "module.sdn_tp.var.dhcp_default_end_host",
          "status": "pass"
        }
      ]
    }
  ]
}
